{
  "name": "Mist_Security_Audit",
  "lockfileVersion": 3,
  "requires": true,
  "packages": {
    "": {
      "dependencies": {
        "chart.js": "^4.5.0",
        "plotly.js-dist": "^3.0.3"
      }
    },
    "node_modules/@kurkle/color": {
      "version": "0.3.4",
      "resolved": "https://registry.npmjs.org/@kurkle/color/-/color-0.3.4.tgz",
      "integrity": "sha512-M5UknZPHRu3DEDWoipU6sE8PdkZ6Z/S+v4dD+Ke8IaNlpdSQah50lz1KtcFBa2vsdOnwbbnxJwVM4wty6udA5w==",
      "license": "MIT"
    },
    "node_modules/chart.js": {
      "version": "4.5.0",
      "resolved": "https://registry.npmjs.org/chart.js/-/chart.js-4.5.0.tgz",
      "integrity": "sha512-aYeC/jDgSEx8SHWZvANYMioYMZ2KX02W6f6uVfyteuCGcadDLcYVHdfdygsTQkQ4TKn5lghoojAsPj5pu0SnvQ==",
      "license": "MIT",
      "dependencies": {
        "@kurkle/color": "^0.3.0"
      },
      "engines": {
        "pnpm": ">=8"
      }
    },
    "node_modules/plotly.js-dist": {
      "version": "3.0.3",
      "resolved": "https://registry.npmjs.org/plotly.js-dist/-/plotly.js-dist-3.0.3.tgz",
      "integrity": "sha512-Zw6nJBzZx2tPFaAbd34Ux3e9uRcj2q9Y8CdPQ1gLiF9EiIBskcE3Bl284Fnf8aW6PX3r/RHYd76Jbf0ZxctTHA==",
      "license": "MIT"
    }
  }
}
