{
  "name": "Mist_Security_Audit",
  "lockfileVersion": 3,
  "requires": true,
  "packages": {
    "": {
      "dependencies": {
        "plotly.js-dist": "^3.0.3"
      }
    },
    "node_modules/plotly.js-dist": {
      "version": "3.0.3",
      "resolved": "https://registry.npmjs.org/plotly.js-dist/-/plotly.js-dist-3.0.3.tgz",
      "integrity": "sha512-Zw6nJBzZx2tPFaAbd34Ux3e9uRcj2q9Y8CdPQ1gLiF9EiIBskcE3Bl284Fnf8aW6PX3r/RHYd76Jbf0ZxctTHA==",
      "license": "MIT"
    }
  }
}
